
Microsoft Visual Studio Solution File, Format Version 12.00
# Visual Studio 15
VisualStudioVersion = 15.0.27428.2005
MinimumVisualStudioVersion = 10.0.40219.1
Project("{FAE04EC0-301F-11D3-BF4B-00C04F79EFBC}") = "ISET2018_MesControles", "ISET2018_MesControles\ISET2018_MesControles.csproj", "{FEC011DF-1BD5-4DAE-927C-20B68903CE9C}"
EndProject
Global
	GlobalSection(SolutionConfigurationPlatforms) = preSolution
		Debug|Any CPU = Debug|Any CPU
		Release|Any CPU = Release|Any CPU
	EndGlobalSection
	GlobalSection(ProjectConfigurationPlatforms) = postSolution
		{FEC011DF-1BD5-4DAE-927C-20B68903CE9C}.Debug|Any CPU.ActiveCfg = Debug|Any CPU
		{FEC011DF-1BD5-4DAE-927C-20B68903CE9C}.Debug|Any CPU.Build.0 = Debug|Any CPU
		{FEC011DF-1BD5-4DAE-927C-20B68903CE9C}.Release|Any CPU.ActiveCfg = Release|Any CPU
		{FEC011DF-1BD5-4DAE-927C-20B68903CE9C}.Release|Any CPU.Build.0 = Release|Any CPU
	EndGlobalSection
	GlobalSection(SolutionProperties) = preSolution
		HideSolutionNode = FALSE
	EndGlobalSection
	GlobalSection(ExtensibilityGlobals) = postSolution
		SolutionGuid = {4F1D614F-7865-485A-969C-39354C1E1246}
	EndGlobalSection
EndGlobal
